
Microsoft Visual Studio Solution File, Format Version 12.00
# Visual Studio Version 17
VisualStudioVersion = 17.10.34916.146
MinimumVisualStudioVersion = 10.0.40219.1
Project("{FAE04EC0-301F-11D3-BF4B-00C04F79EFBC}") = "SY22_PRRPRR02_11_XML-kommentarer", "SY22_PRRPRR02_11_XML-kommentarer\SY22_PRRPRR02_11_XML-kommentarer.csproj", "{1DA0F0A4-DAA7-4FF7-9C7A-9BEB694F9C21}"
EndProject
Global
	GlobalSection(SolutionConfigurationPlatforms) = preSolution
		Debug|Any CPU = Debug|Any CPU
		Release|Any CPU = Release|Any CPU
	EndGlobalSection
	GlobalSection(ProjectConfigurationPlatforms) = postSolution
		{1DA0F0A4-DAA7-4FF7-9C7A-9BEB694F9C21}.Debug|Any CPU.ActiveCfg = Debug|Any CPU
		{1DA0F0A4-DAA7-4FF7-9C7A-9BEB694F9C21}.Debug|Any CPU.Build.0 = Debug|Any CPU
		{1DA0F0A4-DAA7-4FF7-9C7A-9BEB694F9C21}.Release|Any CPU.ActiveCfg = Release|Any CPU
		{1DA0F0A4-DAA7-4FF7-9C7A-9BEB694F9C21}.Release|Any CPU.Build.0 = Release|Any CPU
	EndGlobalSection
	GlobalSection(SolutionProperties) = preSolution
		HideSolutionNode = FALSE
	EndGlobalSection
	GlobalSection(ExtensibilityGlobals) = postSolution
		SolutionGuid = {D1D88856-BED9-489E-8869-0D1950DC1BA9}
	EndGlobalSection
EndGlobal
